
Microsoft Visual Studio Solution File, Format Version 12.00
# Visual Studio 15
VisualStudioVersion = 15.0.26730.12
MinimumVisualStudioVersion = 10.0.40219.1
Project("{FAE04EC0-301F-11D3-BF4B-00C04F79EFBC}") = "Sports", "Sports\Sports.csproj", "{0B6B16C2-61AA-4B4D-8989-10BAC6C15FE3}"
EndProject
Project("{FAE04EC0-301F-11D3-BF4B-00C04F79EFBC}") = "DataAccess", "DataAccess\DataAccess.csproj", "{A54EC52D-31D8-456D-8B9C-47B51AEEA552}"
EndProject
Project("{FAE04EC0-301F-11D3-BF4B-00C04F79EFBC}") = "DataBase", "DataBase\DataBase.csproj", "{0DF65937-5A26-4E4E-B034-7864EF8306E5}"
EndProject
Project("{FAE04EC0-301F-11D3-BF4B-00C04F79EFBC}") = "Serialize", "Serialize\Serialize.csproj", "{4C68A951-C584-42E4-A910-02612D42577B}"
EndProject
Global
	GlobalSection(SolutionConfigurationPlatforms) = preSolution
		Debug|Any CPU = Debug|Any CPU
		Release|Any CPU = Release|Any CPU
	EndGlobalSection
	GlobalSection(ProjectConfigurationPlatforms) = postSolution
		{0B6B16C2-61AA-4B4D-8989-10BAC6C15FE3}.Debug|Any CPU.ActiveCfg = Release|Any CPU
		{0B6B16C2-61AA-4B4D-8989-10BAC6C15FE3}.Debug|Any CPU.Build.0 = Release|Any CPU
		{0B6B16C2-61AA-4B4D-8989-10BAC6C15FE3}.Release|Any CPU.ActiveCfg = Release|Any CPU
		{0B6B16C2-61AA-4B4D-8989-10BAC6C15FE3}.Release|Any CPU.Build.0 = Release|Any CPU
		{A54EC52D-31D8-456D-8B9C-47B51AEEA552}.Debug|Any CPU.ActiveCfg = Debug|Any CPU
		{A54EC52D-31D8-456D-8B9C-47B51AEEA552}.Debug|Any CPU.Build.0 = Debug|Any CPU
		{A54EC52D-31D8-456D-8B9C-47B51AEEA552}.Release|Any CPU.ActiveCfg = Release|Any CPU
		{A54EC52D-31D8-456D-8B9C-47B51AEEA552}.Release|Any CPU.Build.0 = Release|Any CPU
		{0DF65937-5A26-4E4E-B034-7864EF8306E5}.Debug|Any CPU.ActiveCfg = Debug|Any CPU
		{0DF65937-5A26-4E4E-B034-7864EF8306E5}.Debug|Any CPU.Build.0 = Debug|Any CPU
		{0DF65937-5A26-4E4E-B034-7864EF8306E5}.Release|Any CPU.ActiveCfg = Release|Any CPU
		{0DF65937-5A26-4E4E-B034-7864EF8306E5}.Release|Any CPU.Build.0 = Release|Any CPU
		{4C68A951-C584-42E4-A910-02612D42577B}.Debug|Any CPU.ActiveCfg = Debug|Any CPU
		{4C68A951-C584-42E4-A910-02612D42577B}.Debug|Any CPU.Build.0 = Debug|Any CPU
		{4C68A951-C584-42E4-A910-02612D42577B}.Release|Any CPU.ActiveCfg = Release|Any CPU
		{4C68A951-C584-42E4-A910-02612D42577B}.Release|Any CPU.Build.0 = Release|Any CPU
	EndGlobalSection
	GlobalSection(SolutionProperties) = preSolution
		HideSolutionNode = FALSE
	EndGlobalSection
	GlobalSection(ExtensibilityGlobals) = postSolution
		SolutionGuid = {CF7AF023-8769-468C-BCF8-33943B685172}
	EndGlobalSection
EndGlobal
